// !$*UTF8*$!
{
	archiveVersion = 1;
	classes = {
	};
	objectVersion = 56;
	objects = {

/* Begin PBXBuildFile section */
		0703B5CF2BC6A4D1006F09D3 /* AppDelegate.swift in Sources */ = {isa = PBXBuildFile; fileRef = 0703B5CE2BC6A4D1006F09D3 /* AppDelegate.swift */; };
		0703B5D12BC6A4D1006F09D3 /* SceneDelegate.swift in Sources */ = {isa = PBXBuildFile; fileRef = 0703B5D02BC6A4D1006F09D3 /* SceneDelegate.swift */; };
		0703B5D32BC6A4D1006F09D3 /* ViewController.swift in Sources */ = {isa = PBXBuildFile; fileRef = 0703B5D22BC6A4D1006F09D3 /* ViewController.swift */; };
		0703B5D62BC6A4D1006F09D3 /* Main.storyboard in Resources */ = {isa = PBXBuildFile; fileRef = 0703B5D42BC6A4D1006F09D3 /* Main.storyboard */; };
		0703B5D82BC6A4D2006F09D3 /* Assets.xcassets in Resources */ = {isa = PBXBuildFile; fileRef = 0703B5D72BC6A4D2006F09D3 /* Assets.xcassets */; };
		0703B5DB2BC6A4D2006F09D3 /* LaunchScreen.storyboard in Resources */ = {isa = PBXBuildFile; fileRef = 0703B5D92BC6A4D2006F09D3 /* LaunchScreen.storyboard */; };
		0703B5E62BC6A4D3006F09D3 /* iOS_Image_Compress_POCTests.swift in Sources */ = {isa = PBXBuildFile; fileRef = 0703B5E52BC6A4D3006F09D3 /* iOS_Image_Compress_POCTests.swift */; };
		0703B5F02BC6A4D3006F09D3 /* iOS_Image_Compress_POCUITests.swift in Sources */ = {isa = PBXBuildFile; fileRef = 0703B5EF2BC6A4D3006F09D3 /* iOS_Image_Compress_POCUITests.swift */; };
		0703B5F22BC6A4D3006F09D3 /* iOS_Image_Compress_POCUITestsLaunchTests.swift in Sources */ = {isa = PBXBuildFile; fileRef = 0703B5F12BC6A4D3006F09D3 /* iOS_Image_Compress_POCUITestsLaunchTests.swift */; };
		0703B6002BC6A502006F09D3 /* SnapKit in Frameworks */ = {isa = PBXBuildFile; productRef = 0703B5FF2BC6A502006F09D3 /* SnapKit */; };
		0703B6032BC6A51A006F09D3 /* RxCocoa in Frameworks */ = {isa = PBXBuildFile; productRef = 0703B6022BC6A51A006F09D3 /* RxCocoa */; };
		0703B6052BC6A51A006F09D3 /* RxSwift in Frameworks */ = {isa = PBXBuildFile; productRef = 0703B6042BC6A51A006F09D3 /* RxSwift */; };
		0703B6082BC6A69D006F09D3 /* Then in Frameworks */ = {isa = PBXBuildFile; productRef = 0703B6072BC6A69D006F09D3 /* Then */; };
		0703B60A2BC6A92D006F09D3 /* CompressType.swift in Sources */ = {isa = PBXBuildFile; fileRef = 0703B6092BC6A92D006F09D3 /* CompressType.swift */; };
		0703B60F2BC6B36C006F09D3 /* RxGesture in Frameworks */ = {isa = PBXBuildFile; productRef = 0703B60E2BC6B36C006F09D3 /* RxGesture */; };
/* End PBXBuildFile section */

/* Begin PBXContainerItemProxy section */
		0703B5E22BC6A4D3006F09D3 /* PBXContainerItemProxy */ = {
			isa = PBXContainerItemProxy;
			containerPortal = 0703B5C32BC6A4D1006F09D3 /* Project object */;
			proxyType = 1;
			remoteGlobalIDString = 0703B5CA2BC6A4D1006F09D3;
			remoteInfo = "iOS-Image-Compress-POC";
		};
		0703B5EC2BC6A4D3006F09D3 /* PBXContainerItemProxy */ = {
			isa = PBXContainerItemProxy;
			containerPortal = 0703B5C32BC6A4D1006F09D3 /* Project object */;
			proxyType = 1;
			remoteGlobalIDString = 0703B5CA2BC6A4D1006F09D3;
			remoteInfo = "iOS-Image-Compress-POC";
		};
/* End PBXContainerItemProxy section */

/* Begin PBXFileReference section */
		0703B5CB2BC6A4D1006F09D3 /* iOS-Image-Compress-POC.app */ = {isa = PBXFileReference; explicitFileType = wrapper.application; includeInIndex = 0; path = "iOS-Image-Compress-POC.app"; sourceTree = BUILT_PRODUCTS_DIR; };
		0703B5CE2BC6A4D1006F09D3 /* AppDelegate.swift */ = {isa = PBXFileReference; lastKnownFileType = sourcecode.swift; path = AppDelegate.swift; sourceTree = "<group>"; };
		0703B5D02BC6A4D1006F09D3 /* SceneDelegate.swift */ = {isa = PBXFileReference; lastKnownFileType = sourcecode.swift; path = SceneDelegate.swift; sourceTree = "<group>"; };
		0703B5D22BC6A4D1006F09D3 /* ViewController.swift */ = {isa = PBXFileReference; lastKnownFileType = sourcecode.swift; path = ViewController.swift; sourceTree = "<group>"; };
		0703B5D52BC6A4D1006F09D3 /* Base */ = {isa = PBXFileReference; lastKnownFileType = file.storyboard; name = Base; path = Base.lproj/Main.storyboard; sourceTree = "<group>"; };
		0703B5D72BC6A4D2006F09D3 /* Assets.xcassets */ = {isa = PBXFileReference; lastKnownFileType = folder.assetcatalog; path = Assets.xcassets; sourceTree = "<group>"; };
		0703B5DA2BC6A4D2006F09D3 /* Base */ = {isa = PBXFileReference; lastKnownFileType = file.storyboard; name = Base; path = Base.lproj/LaunchScreen.storyboard; sourceTree = "<group>"; };
		0703B5DC2BC6A4D2006F09D3 /* Info.plist */ = {isa = PBXFileReference; lastKnownFileType = text.plist.xml; path = Info.plist; sourceTree = "<group>"; };
		0703B5E12BC6A4D3006F09D3 /* iOS-Image-Compress-POCTests.xctest */ = {isa = PBXFileReference; explicitFileType = wrapper.cfbundle; includeInIndex = 0; path = "iOS-Image-Compress-POCTests.xctest"; sourceTree = BUILT_PRODUCTS_DIR; };
		0703B5E52BC6A4D3006F09D3 /* iOS_Image_Compress_POCTests.swift */ = {isa = PBXFileReference; lastKnownFileType = sourcecode.swift; path = iOS_Image_Compress_POCTests.swift; sourceTree = "<group>"; };
		0703B5EB2BC6A4D3006F09D3 /* iOS-Image-Compress-POCUITests.xctest */ = {isa = PBXFileReference; explicitFileType = wrapper.cfbundle; includeInIndex = 0; path = "iOS-Image-Compress-POCUITests.xctest"; sourceTree = BUILT_PRODUCTS_DIR; };
		0703B5EF2BC6A4D3006F09D3 /* iOS_Image_Compress_POCUITests.swift */ = {isa = PBXFileReference; lastKnownFileType = sourcecode.swift; path = iOS_Image_Compress_POCUITests.swift; sourceTree = "<group>"; };
		0703B5F12BC6A4D3006F09D3 /* iOS_Image_Compress_POCUITestsLaunchTests.swift */ = {isa = PBXFileReference; lastKnownFileType = sourcecode.swift; path = iOS_Image_Compress_POCUITestsLaunchTests.swift; sourceTree = "<group>"; };
		0703B6092BC6A92D006F09D3 /* CompressType.swift */ = {isa = PBXFileReference; lastKnownFileType = sourcecode.swift; path = CompressType.swift; sourceTree = "<group>"; };
/* End PBXFileReference section */

/* Begin PBXFrameworksBuildPhase section */
		0703B5C82BC6A4D1006F09D3 /* Frameworks */ = {
			isa = PBXFrameworksBuildPhase;
			buildActionMask = 2147483647;
			files = (
				0703B6052BC6A51A006F09D3 /* RxSwift in Frameworks */,
				0703B6032BC6A51A006F09D3 /* RxCocoa in Frameworks */,
				0703B60F2BC6B36C006F09D3 /* RxGesture in Frameworks */,
				0703B6002BC6A502006F09D3 /* SnapKit in Frameworks */,
				0703B6082BC6A69D006F09D3 /* Then in Frameworks */,
			);
			runOnlyForDeploymentPostprocessing = 0;
		};
		0703B5DE2BC6A4D3006F09D3 /* Frameworks */ = {
			isa = PBXFrameworksBuildPhase;
			buildActionMask = 2147483647;
			files = (
			);
			runOnlyForDeploymentPostprocessing = 0;
		};
		0703B5E82BC6A4D3006F09D3 /* Frameworks */ = {
			isa = PBXFrameworksBuildPhase;
			buildActionMask = 2147483647;
			files = (
			);
			runOnlyForDeploymentPostprocessing = 0;
		};
/* End PBXFrameworksBuildPhase section */

/* Begin PBXGroup section */
		0703B5C22BC6A4D1006F09D3 = {
			isa = PBXGroup;
			children = (
				0703B5CD2BC6A4D1006F09D3 /* iOS-Image-Compress-POC */,
				0703B5E42BC6A4D3006F09D3 /* iOS-Image-Compress-POCTests */,
				0703B5EE2BC6A4D3006F09D3 /* iOS-Image-Compress-POCUITests */,
				0703B5CC2BC6A4D1006F09D3 /* Products */,
			);
			sourceTree = "<group>";
		};
		0703B5CC2BC6A4D1006F09D3 /* Products */ = {
			isa = PBXGroup;
			children = (
				0703B5CB2BC6A4D1006F09D3 /* iOS-Image-Compress-POC.app */,
				0703B5E12BC6A4D3006F09D3 /* iOS-Image-Compress-POCTests.xctest */,
				0703B5EB2BC6A4D3006F09D3 /* iOS-Image-Compress-POCUITests.xctest */,
			);
			name = Products;
			sourceTree = "<group>";
		};
		0703B5CD2BC6A4D1006F09D3 /* iOS-Image-Compress-POC */ = {
			isa = PBXGroup;
			children = (
				0703B60C2BC6A93A006F09D3 /* App */,
				0703B60B2BC6A930006F09D3 /* Compress */,
				0703B5D22BC6A4D1006F09D3 /* ViewController.swift */,
				0703B5D42BC6A4D1006F09D3 /* Main.storyboard */,
				0703B5D72BC6A4D2006F09D3 /* Assets.xcassets */,
				0703B5D92BC6A4D2006F09D3 /* LaunchScreen.storyboard */,
				0703B5DC2BC6A4D2006F09D3 /* Info.plist */,
			);
			path = "iOS-Image-Compress-POC";
			sourceTree = "<group>";
		};
		0703B5E42BC6A4D3006F09D3 /* iOS-Image-Compress-POCTests */ = {
			isa = PBXGroup;
			children = (
				0703B5E52BC6A4D3006F09D3 /* iOS_Image_Compress_POCTests.swift */,
			);
			path = "iOS-Image-Compress-POCTests";
			sourceTree = "<group>";
		};
		0703B5EE2BC6A4D3006F09D3 /* iOS-Image-Compress-POCUITests */ = {
			isa = PBXGroup;
			children = (
				0703B5EF2BC6A4D3006F09D3 /* iOS_Image_Compress_POCUITests.swift */,
				0703B5F12BC6A4D3006F09D3 /* iOS_Image_Compress_POCUITestsLaunchTests.swift */,
			);
			path = "iOS-Image-Compress-POCUITests";
			sourceTree = "<group>";
		};
		0703B60B2BC6A930006F09D3 /* Compress */ = {
			isa = PBXGroup;
			children = (
				0703B6092BC6A92D006F09D3 /* CompressType.swift */,
			);
			path = Compress;
			sourceTree = "<group>";
		};
		0703B60C2BC6A93A006F09D3 /* App */ = {
			isa = PBXGroup;
			children = (
				0703B5CE2BC6A4D1006F09D3 /* AppDelegate.swift */,
				0703B5D02BC6A4D1006F09D3 /* SceneDelegate.swift */,
			);
			path = App;
			sourceTree = "<group>";
		};
/* End PBXGroup section */

/* Begin PBXNativeTarget section */
		0703B5CA2BC6A4D1006F09D3 /* iOS-Image-Compress-POC */ = {
			isa = PBXNativeTarget;
			buildConfigurationList = 0703B5F52BC6A4D3006F09D3 /* Build configuration list for PBXNativeTarget "iOS-Image-Compress-POC" */;
			buildPhases = (
				0703B5C72BC6A4D1006F09D3 /* Sources */,
				0703B5C82BC6A4D1006F09D3 /* Frameworks */,
				0703B5C92BC6A4D1006F09D3 /* Resources */,
			);
			buildRules = (
			);
			dependencies = (
			);
			name = "iOS-Image-Compress-POC";
			packageProductDependencies = (
				0703B5FF2BC6A502006F09D3 /* SnapKit */,
				0703B6022BC6A51A006F09D3 /* RxCocoa */,
				0703B6042BC6A51A006F09D3 /* RxSwift */,
				0703B6072BC6A69D006F09D3 /* Then */,
				0703B60E2BC6B36C006F09D3 /* RxGesture */,
			);
			productName = "iOS-Image-Compress-POC";
			productReference = 0703B5CB2BC6A4D1006F09D3 /* iOS-Image-Compress-POC.app */;
			productType = "com.apple.product-type.application";
		};
		0703B5E02BC6A4D3006F09D3 /* iOS-Image-Compress-POCTests */ = {
			isa = PBXNativeTarget;
			buildConfigurationList = 0703B5F82BC6A4D3006F09D3 /* Build configuration list for PBXNativeTarget "iOS-Image-Compress-POCTests" */;
			buildPhases = (
				0703B5DD2BC6A4D3006F09D3 /* Sources */,
				0703B5DE2BC6A4D3006F09D3 /* Frameworks */,
				0703B5DF2BC6A4D3006F09D3 /* Resources */,
			);
			buildRules = (
			);
			dependencies = (
				0703B5E32BC6A4D3006F09D3 /* PBXTargetDependency */,
			);
			name = "iOS-Image-Compress-POCTests";
			productName = "iOS-Image-Compress-POCTests";
			productReference = 0703B5E12BC6A4D3006F09D3 /* iOS-Image-Compress-POCTests.xctest */;
			productType = "com.apple.product-type.bundle.unit-test";
		};
		0703B5EA2BC6A4D3006F09D3 /* iOS-Image-Compress-POCUITests */ = {
			isa = PBXNativeTarget;
			buildConfigurationList = 0703B5FB2BC6A4D3006F09D3 /* Build configuration list for PBXNativeTarget "iOS-Image-Compress-POCUITests" */;
			buildPhases = (
				0703B5E72BC6A4D3006F09D3 /* Sources */,
				0703B5E82BC6A4D3006F09D3 /* Frameworks */,
				0703B5E92BC6A4D3006F09D3 /* Resources */,
			);
			buildRules = (
			);
			dependencies = (
				0703B5ED2BC6A4D3006F09D3 /* PBXTargetDependency */,
			);
			name = "iOS-Image-Compress-POCUITests";
			productName = "iOS-Image-Compress-POCUITests";
			productReference = 0703B5EB2BC6A4D3006F09D3 /* iOS-Image-Compress-POCUITests.xctest */;
			productType = "com.apple.product-type.bundle.ui-testing";
		};
/* End PBXNativeTarget section */

/* Begin PBXProject section */
		0703B5C32BC6A4D1006F09D3 /* Project object */ = {
			isa = PBXProject;
			attributes = {
				BuildIndependentTargetsInParallel = 1;
				LastSwiftUpdateCheck = 1520;
				LastUpgradeCheck = 1520;
				TargetAttributes = {
					0703B5CA2BC6A4D1006F09D3 = {
						CreatedOnToolsVersion = 15.2;
					};
					0703B5E02BC6A4D3006F09D3 = {
						CreatedOnToolsVersion = 15.2;
						TestTargetID = 0703B5CA2BC6A4D1006F09D3;
					};
					0703B5EA2BC6A4D3006F09D3 = {
						CreatedOnToolsVersion = 15.2;
						TestTargetID = 0703B5CA2BC6A4D1006F09D3;
					};
				};
			};
			buildConfigurationList = 0703B5C62BC6A4D1006F09D3 /* Build configuration list for PBXProject "iOS-Image-Compress-POC" */;
			compatibilityVersion = "Xcode 14.0";
			developmentRegion = en;
			hasScannedForEncodings = 0;
			knownRegions = (
				en,
				Base,
			);
			mainGroup = 0703B5C22BC6A4D1006F09D3;
			packageReferences = (
				0703B5FE2BC6A502006F09D3 /* XCRemoteSwiftPackageReference "SnapKit" */,
				0703B6012BC6A51A006F09D3 /* XCRemoteSwiftPackageReference "RxSwift" */,
				0703B6062BC6A69D006F09D3 /* XCRemoteSwiftPackageReference "Then" */,
				0703B60D2BC6B36C006F09D3 /* XCRemoteSwiftPackageReference "RxGesture" */,
			);
			productRefGroup = 0703B5CC2BC6A4D1006F09D3 /* Products */;
			projectDirPath = "";
			projectRoot = "";
			targets = (
				0703B5CA2BC6A4D1006F09D3 /* iOS-Image-Compress-POC */,
				0703B5E02BC6A4D3006F09D3 /* iOS-Image-Compress-POCTests */,
				0703B5EA2BC6A4D3006F09D3 /* iOS-Image-Compress-POCUITests */,
			);
		};
/* End PBXProject section */

/* Begin PBXResourcesBuildPhase section */
		0703B5C92BC6A4D1006F09D3 /* Resources */ = {
			isa = PBXResourcesBuildPhase;
			buildActionMask = 2147483647;
			files = (
				0703B5DB2BC6A4D2006F09D3 /* LaunchScreen.storyboard in Resources */,
				0703B5D82BC6A4D2006F09D3 /* Assets.xcassets in Resources */,
				0703B5D62BC6A4D1006F09D3 /* Main.storyboard in Resources */,
			);
			runOnlyForDeploymentPostprocessing = 0;
		};
		0703B5DF2BC6A4D3006F09D3 /* Resources */ = {
			isa = PBXResourcesBuildPhase;
			buildActionMask = 2147483647;
			files = (
			);
			runOnlyForDeploymentPostprocessing = 0;
		};
		0703B5E92BC6A4D3006F09D3 /* Resources */ = {
			isa = PBXResourcesBuildPhase;
			buildActionMask = 2147483647;
			files = (
			);
			runOnlyForDeploymentPostprocessing = 0;
		};
/* End PBXResourcesBuildPhase section */

/* Begin PBXSourcesBuildPhase section */
		0703B5C72BC6A4D1006F09D3 /* Sources */ = {
			isa = PBXSourcesBuildPhase;
			buildActionMask = 2147483647;
			files = (
				0703B5D32BC6A4D1006F09D3 /* ViewController.swift in Sources */,
				0703B5CF2BC6A4D1006F09D3 /* AppDelegate.swift in Sources */,
				0703B5D12BC6A4D1006F09D3 /* SceneDelegate.swift in Sources */,
				0703B60A2BC6A92D006F09D3 /* CompressType.swift in Sources */,
			);
			runOnlyForDeploymentPostprocessing = 0;
		};
		0703B5DD2BC6A4D3006F09D3 /* Sources */ = {
			isa = PBXSourcesBuildPhase;
			buildActionMask = 2147483647;
			files = (
				0703B5E62BC6A4D3006F09D3 /* iOS_Image_Compress_POCTests.swift in Sources */,
			);
			runOnlyForDeploymentPostprocessing = 0;
		};
		0703B5E72BC6A4D3006F09D3 /* Sources */ = {
			isa = PBXSourcesBuildPhase;
			buildActionMask = 2147483647;
			files = (
				0703B5F02BC6A4D3006F09D3 /* iOS_Image_Compress_POCUITests.swift in Sources */,
				0703B5F22BC6A4D3006F09D3 /* iOS_Image_Compress_POCUITestsLaunchTests.swift in Sources */,
			);
			runOnlyForDeploymentPostprocessing = 0;
		};
/* End PBXSourcesBuildPhase section */

/* Begin PBXTargetDependency section */
		0703B5E32BC6A4D3006F09D3 /* PBXTargetDependency */ = {
			isa = PBXTargetDependency;
			target = 0703B5CA2BC6A4D1006F09D3 /* iOS-Image-Compress-POC */;
			targetProxy = 0703B5E22BC6A4D3006F09D3 /* PBXContainerItemProxy */;
		};
		0703B5ED2BC6A4D3006F09D3 /* PBXTargetDependency */ = {
			isa = PBXTargetDependency;
			target = 0703B5CA2BC6A4D1006F09D3 /* iOS-Image-Compress-POC */;
			targetProxy = 0703B5EC2BC6A4D3006F09D3 /* PBXContainerItemProxy */;
		};
/* End PBXTargetDependency section */

/* Begin PBXVariantGroup section */
		0703B5D42BC6A4D1006F09D3 /* Main.storyboard */ = {
			isa = PBXVariantGroup;
			children = (
				0703B5D52BC6A4D1006F09D3 /* Base */,
			);
			name = Main.storyboard;
			sourceTree = "<group>";
		};
		0703B5D92BC6A4D2006F09D3 /* LaunchScreen.storyboard */ = {
			isa = PBXVariantGroup;
			children = (
				0703B5DA2BC6A4D2006F09D3 /* Base */,
			);
			name = LaunchScreen.storyboard;
			sourceTree = "<group>";
		};
/* End PBXVariantGroup section */

/* Begin XCBuildConfiguration section */
		0703B5F32BC6A4D3006F09D3 /* Debug */ = {
			isa = XCBuildConfiguration;
			buildSettings = {
				ALWAYS_SEARCH_USER_PATHS = NO;
				ASSETCATALOG_COMPILER_GENERATE_SWIFT_ASSET_SYMBOL_EXTENSIONS = YES;
				CLANG_ANALYZER_NONNULL = YES;
				CLANG_ANALYZER_NUMBER_OBJECT_CONVERSION = YES_AGGRESSIVE;
				CLANG_CXX_LANGUAGE_STANDARD = "gnu++20";
				CLANG_ENABLE_MODULES = YES;
				CLANG_ENABLE_OBJC_ARC = YES;
				CLANG_ENABLE_OBJC_WEAK = YES;
				CLANG_WARN_BLOCK_CAPTURE_AUTORELEASING = YES;
				CLANG_WARN_BOOL_CONVERSION = YES;
				CLANG_WARN_COMMA = YES;
				CLANG_WARN_CONSTANT_CONVERSION = YES;
				CLANG_WARN_DEPRECATED_OBJC_IMPLEMENTATIONS = YES;
				CLANG_WARN_DIRECT_OBJC_ISA_USAGE = YES_ERROR;
				CLANG_WARN_DOCUMENTATION_COMMENTS = YES;
				CLANG_WARN_EMPTY_BODY = YES;
				CLANG_WARN_ENUM_CONVERSION = YES;
				CLANG_WARN_INFINITE_RECURSION = YES;
				CLANG_WARN_INT_CONVERSION = YES;
				CLANG_WARN_NON_LITERAL_NULL_CONVERSION = YES;
				CLANG_WARN_OBJC_IMPLICIT_RETAIN_SELF = YES;
				CLANG_WARN_OBJC_LITERAL_CONVERSION = YES;
				CLANG_WARN_OBJC_ROOT_CLASS = YES_ERROR;
				CLANG_WARN_QUOTED_INCLUDE_IN_FRAMEWORK_HEADER = YES;
				CLANG_WARN_RANGE_LOOP_ANALYSIS = YES;
				CLANG_WARN_STRICT_PROTOTYPES = YES;
				CLANG_WARN_SUSPICIOUS_MOVE = YES;
				CLANG_WARN_UNGUARDED_AVAILABILITY = YES_AGGRESSIVE;
				CLANG_WARN_UNREACHABLE_CODE = YES;
				CLANG_WARN__DUPLICATE_METHOD_MATCH = YES;
				COPY_PHASE_STRIP = NO;
				DEBUG_INFORMATION_FORMAT = dwarf;
				ENABLE_STRICT_OBJC_MSGSEND = YES;
				ENABLE_TESTABILITY = YES;
				ENABLE_USER_SCRIPT_SANDBOXING = YES;
				GCC_C_LANGUAGE_STANDARD = gnu17;
				GCC_DYNAMIC_NO_PIC = NO;
				GCC_NO_COMMON_BLOCKS = YES;
				GCC_OPTIMIZATION_LEVEL = 0;
				GCC_PREPROCESSOR_DEFINITIONS = (
					"DEBUG=1",
					"$(inherited)",
				);
				GCC_WARN_64_TO_32_BIT_CONVERSION = YES;
				GCC_WARN_ABOUT_RETURN_TYPE = YES_ERROR;
				GCC_WARN_UNDECLARED_SELECTOR = YES;
				GCC_WARN_UNINITIALIZED_AUTOS = YES_AGGRESSIVE;
				GCC_WARN_UNUSED_FUNCTION = YES;
				GCC_WARN_UNUSED_VARIABLE = YES;
				IPHONEOS_DEPLOYMENT_TARGET = 17.2;
				LOCALIZATION_PREFERS_STRING_CATALOGS = YES;
				MTL_ENABLE_DEBUG_INFO = INCLUDE_SOURCE;
				MTL_FAST_MATH = YES;
				ONLY_ACTIVE_ARCH = YES;
				SDKROOT = iphoneos;
				SWIFT_ACTIVE_COMPILATION_CONDITIONS = "DEBUG $(inherited)";
				SWIFT_OPTIMIZATION_LEVEL = "-Onone";
			};
			name = Debug;
		};
		0703B5F42BC6A4D3006F09D3 /* Release */ = {
			isa = XCBuildConfiguration;
			buildSettings = {
				ALWAYS_SEARCH_USER_PATHS = NO;
				ASSETCATALOG_COMPILER_GENERATE_SWIFT_ASSET_SYMBOL_EXTENSIONS = YES;
				CLANG_ANALYZER_NONNULL = YES;
				CLANG_ANALYZER_NUMBER_OBJECT_CONVERSION = YES_AGGRESSIVE;
				CLANG_CXX_LANGUAGE_STANDARD = "gnu++20";
				CLANG_ENABLE_MODULES = YES;
				CLANG_ENABLE_OBJC_ARC = YES;
				CLANG_ENABLE_OBJC_WEAK = YES;
				CLANG_WARN_BLOCK_CAPTURE_AUTORELEASING = YES;
				CLANG_WARN_BOOL_CONVERSION = YES;
				CLANG_WARN_COMMA = YES;
				CLANG_WARN_CONSTANT_CONVERSION = YES;
				CLANG_WARN_DEPRECATED_OBJC_IMPLEMENTATIONS = YES;
				CLANG_WARN_DIRECT_OBJC_ISA_USAGE = YES_ERROR;
				CLANG_WARN_DOCUMENTATION_COMMENTS = YES;
				CLANG_WARN_EMPTY_BODY = YES;
				CLANG_WARN_ENUM_CONVERSION = YES;
				CLANG_WARN_INFINITE_RECURSION = YES;
				CLANG_WARN_INT_CONVERSION = YES;
				CLANG_WARN_NON_LITERAL_NULL_CONVERSION = YES;
				CLANG_WARN_OBJC_IMPLICIT_RETAIN_SELF = YES;
				CLANG_WARN_OBJC_LITERAL_CONVERSION = YES;
				CLANG_WARN_OBJC_ROOT_CLASS = YES_ERROR;
				CLANG_WARN_QUOTED_INCLUDE_IN_FRAMEWORK_HEADER = YES;
				CLANG_WARN_RANGE_LOOP_ANALYSIS = YES;
				CLANG_WARN_STRICT_PROTOTYPES = YES;
				CLANG_WARN_SUSPICIOUS_MOVE = YES;
				CLANG_WARN_UNGUARDED_AVAILABILITY = YES_AGGRESSIVE;
				CLANG_WARN_UNREACHABLE_CODE = YES;
				CLANG_WARN__DUPLICATE_METHOD_MATCH = YES;
				COPY_PHASE_STRIP = NO;
				DEBUG_INFORMATION_FORMAT = "dwarf-with-dsym";
				ENABLE_NS_ASSERTIONS = NO;
				ENABLE_STRICT_OBJC_MSGSEND = YES;
				ENABLE_USER_SCRIPT_SANDBOXING = YES;
				GCC_C_LANGUAGE_STANDARD = gnu17;
				GCC_NO_COMMON_BLOCKS = YES;
				GCC_WARN_64_TO_32_BIT_CONVERSION = YES;
				GCC_WARN_ABOUT_RETURN_TYPE = YES_ERROR;
				GCC_WARN_UNDECLARED_SELECTOR = YES;
				GCC_WARN_UNINITIALIZED_AUTOS = YES_AGGRESSIVE;
				GCC_WARN_UNUSED_FUNCTION = YES;
				GCC_WARN_UNUSED_VARIABLE = YES;
				IPHONEOS_DEPLOYMENT_TARGET = 17.2;
				LOCALIZATION_PREFERS_STRING_CATALOGS = YES;
				MTL_ENABLE_DEBUG_INFO = NO;
				MTL_FAST_MATH = YES;
				SDKROOT = iphoneos;
				SWIFT_COMPILATION_MODE = wholemodule;
				VALIDATE_PRODUCT = YES;
			};
			name = Release;
		};
		0703B5F62BC6A4D3006F09D3 /* Debug */ = {
			isa = XCBuildConfiguration;
			buildSettings = {
				ASSETCATALOG_COMPILER_APPICON_NAME = AppIcon;
				ASSETCATALOG_COMPILER_GLOBAL_ACCENT_COLOR_NAME = AccentColor;
				CODE_SIGN_STYLE = Automatic;
				CURRENT_PROJECT_VERSION = 1;
				DEVELOPMENT_TEAM = 9K86FQHDLU;
				GENERATE_INFOPLIST_FILE = YES;
				INFOPLIST_FILE = "iOS-Image-Compress-POC/Info.plist";
				INFOPLIST_KEY_UIApplicationSupportsIndirectInputEvents = YES;
				INFOPLIST_KEY_UILaunchStoryboardName = LaunchScreen;
				INFOPLIST_KEY_UIMainStoryboardFile = Main;
				INFOPLIST_KEY_UISupportedInterfaceOrientations_iPad = "UIInterfaceOrientationPortrait UIInterfaceOrientationPortraitUpsideDown UIInterfaceOrientationLandscapeLeft UIInterfaceOrientationLandscapeRight";
				INFOPLIST_KEY_UISupportedInterfaceOrientations_iPhone = "UIInterfaceOrientationPortrait UIInterfaceOrientationLandscapeLeft UIInterfaceOrientationLandscapeRight";
				LD_RUNPATH_SEARCH_PATHS = (
					"$(inherited)",
					"@executable_path/Frameworks",
				);
				MARKETING_VERSION = 1.0;
				PRODUCT_BUNDLE_IDENTIFIER = "com.sejin.iOS-Image-Compress-POC";
				PRODUCT_NAME = "$(TARGET_NAME)";
				SWIFT_EMIT_LOC_STRINGS = YES;
				SWIFT_VERSION = 5.0;
				TARGETED_DEVICE_FAMILY = "1,2";
			};
			name = Debug;
		};
		0703B5F72BC6A4D3006F09D3 /* Release */ = {
			isa = XCBuildConfiguration;
			buildSettings = {
				ASSETCATALOG_COMPILER_APPICON_NAME = AppIcon;
				ASSETCATALOG_COMPILER_GLOBAL_ACCENT_COLOR_NAME = AccentColor;
				CODE_SIGN_STYLE = Automatic;
				CURRENT_PROJECT_VERSION = 1;
				DEVELOPMENT_TEAM = 9K86FQHDLU;
				GENERATE_INFOPLIST_FILE = YES;
				INFOPLIST_FILE = "iOS-Image-Compress-POC/Info.plist";
				INFOPLIST_KEY_UIApplicationSupportsIndirectInputEvents = YES;
				INFOPLIST_KEY_UILaunchStoryboardName = LaunchScreen;
				INFOPLIST_KEY_UIMainStoryboardFile = Main;
				INFOPLIST_KEY_UISupportedInterfaceOrientations_iPad = "UIInterfaceOrientationPortrait UIInterfaceOrientationPortraitUpsideDown UIInterfaceOrientationLandscapeLeft UIInterfaceOrientationLandscapeRight";
				INFOPLIST_KEY_UISupportedInterfaceOrientations_iPhone = "UIInterfaceOrientationPortrait UIInterfaceOrientationLandscapeLeft UIInterfaceOrientationLandscapeRight";
				LD_RUNPATH_SEARCH_PATHS = (
					"$(inherited)",
					"@executable_path/Frameworks",
				);
				MARKETING_VERSION = 1.0;
				PRODUCT_BUNDLE_IDENTIFIER = "com.sejin.iOS-Image-Compress-POC";
				PRODUCT_NAME = "$(TARGET_NAME)";
				SWIFT_EMIT_LOC_STRINGS = YES;
				SWIFT_VERSION = 5.0;
				TARGETED_DEVICE_FAMILY = "1,2";
			};
			name = Release;
		};
		0703B5F92BC6A4D3006F09D3 /* Debug */ = {
			isa = XCBuildConfiguration;
			buildSettings = {
				ALWAYS_EMBED_SWIFT_STANDARD_LIBRARIES = YES;
				BUNDLE_LOADER = "$(TEST_HOST)";
				CODE_SIGN_STYLE = Automatic;
				CURRENT_PROJECT_VERSION = 1;
				DEVELOPMENT_TEAM = 9K86FQHDLU;
				GENERATE_INFOPLIST_FILE = YES;
				IPHONEOS_DEPLOYMENT_TARGET = 17.2;
				MARKETING_VERSION = 1.0;
				PRODUCT_BUNDLE_IDENTIFIER = "com.sejin.iOS-Image-Compress-POCTests";
				PRODUCT_NAME = "$(TARGET_NAME)";
				SWIFT_EMIT_LOC_STRINGS = NO;
				SWIFT_VERSION = 5.0;
				TARGETED_DEVICE_FAMILY = "1,2";
				TEST_HOST = "$(BUILT_PRODUCTS_DIR)/iOS-Image-Compress-POC.app/$(BUNDLE_EXECUTABLE_FOLDER_PATH)/iOS-Image-Compress-POC";
			};
			name = Debug;
		};
		0703B5FA2BC6A4D3006F09D3 /* Release */ = {
			isa = XCBuildConfiguration;
			buildSettings = {
				ALWAYS_EMBED_SWIFT_STANDARD_LIBRARIES = YES;
				BUNDLE_LOADER = "$(TEST_HOST)";
				CODE_SIGN_STYLE = Automatic;
				CURRENT_PROJECT_VERSION = 1;
				DEVELOPMENT_TEAM = 9K86FQHDLU;
				GENERATE_INFOPLIST_FILE = YES;
				IPHONEOS_DEPLOYMENT_TARGET = 17.2;
				MARKETING_VERSION = 1.0;
				PRODUCT_BUNDLE_IDENTIFIER = "com.sejin.iOS-Image-Compress-POCTests";
				PRODUCT_NAME = "$(TARGET_NAME)";
				SWIFT_EMIT_LOC_STRINGS = NO;
				SWIFT_VERSION = 5.0;
				TARGETED_DEVICE_FAMILY = "1,2";
				TEST_HOST = "$(BUILT_PRODUCTS_DIR)/iOS-Image-Compress-POC.app/$(BUNDLE_EXECUTABLE_FOLDER_PATH)/iOS-Image-Compress-POC";
			};
			name = Release;
		};
		0703B5FC2BC6A4D3006F09D3 /* Debug */ = {
			isa = XCBuildConfiguration;
			buildSettings = {
				ALWAYS_EMBED_SWIFT_STANDARD_LIBRARIES = YES;
				CODE_SIGN_STYLE = Automatic;
				CURRENT_PROJECT_VERSION = 1;
				DEVELOPMENT_TEAM = 9K86FQHDLU;
				GENERATE_INFOPLIST_FILE = YES;
				MARKETING_VERSION = 1.0;
				PRODUCT_BUNDLE_IDENTIFIER = "com.sejin.iOS-Image-Compress-POCUITests";
				PRODUCT_NAME = "$(TARGET_NAME)";
				SWIFT_EMIT_LOC_STRINGS = NO;
				SWIFT_VERSION = 5.0;
				TARGETED_DEVICE_FAMILY = "1,2";
				TEST_TARGET_NAME = "iOS-Image-Compress-POC";
			};
			name = Debug;
		};
		0703B5FD2BC6A4D3006F09D3 /* Release */ = {
			isa = XCBuildConfiguration;
			buildSettings = {
				ALWAYS_EMBED_SWIFT_STANDARD_LIBRARIES = YES;
				CODE_SIGN_STYLE = Automatic;
				CURRENT_PROJECT_VERSION = 1;
				DEVELOPMENT_TEAM = 9K86FQHDLU;
				GENERATE_INFOPLIST_FILE = YES;
				MARKETING_VERSION = 1.0;
				PRODUCT_BUNDLE_IDENTIFIER = "com.sejin.iOS-Image-Compress-POCUITests";
				PRODUCT_NAME = "$(TARGET_NAME)";
				SWIFT_EMIT_LOC_STRINGS = NO;
				SWIFT_VERSION = 5.0;
				TARGETED_DEVICE_FAMILY = "1,2";
				TEST_TARGET_NAME = "iOS-Image-Compress-POC";
			};
			name = Release;
		};
/* End XCBuildConfiguration section */

/* Begin XCConfigurationList section */
		0703B5C62BC6A4D1006F09D3 /* Build configuration list for PBXProject "iOS-Image-Compress-POC" */ = {
			isa = XCConfigurationList;
			buildConfigurations = (
				0703B5F32BC6A4D3006F09D3 /* Debug */,
				0703B5F42BC6A4D3006F09D3 /* Release */,
			);
			defaultConfigurationIsVisible = 0;
			defaultConfigurationName = Release;
		};
		0703B5F52BC6A4D3006F09D3 /* Build configuration list for PBXNativeTarget "iOS-Image-Compress-POC" */ = {
			isa = XCConfigurationList;
			buildConfigurations = (
				0703B5F62BC6A4D3006F09D3 /* Debug */,
				0703B5F72BC6A4D3006F09D3 /* Release */,
			);
			defaultConfigurationIsVisible = 0;
			defaultConfigurationName = Release;
		};
		0703B5F82BC6A4D3006F09D3 /* Build configuration list for PBXNativeTarget "iOS-Image-Compress-POCTests" */ = {
			isa = XCConfigurationList;
			buildConfigurations = (
				0703B5F92BC6A4D3006F09D3 /* Debug */,
				0703B5FA2BC6A4D3006F09D3 /* Release */,
			);
			defaultConfigurationIsVisible = 0;
			defaultConfigurationName = Release;
		};
		0703B5FB2BC6A4D3006F09D3 /* Build configuration list for PBXNativeTarget "iOS-Image-Compress-POCUITests" */ = {
			isa = XCConfigurationList;
			buildConfigurations = (
				0703B5FC2BC6A4D3006F09D3 /* Debug */,
				0703B5FD2BC6A4D3006F09D3 /* Release */,
			);
			defaultConfigurationIsVisible = 0;
			defaultConfigurationName = Release;
		};
/* End XCConfigurationList section */

/* Begin XCRemoteSwiftPackageReference section */
		0703B5FE2BC6A502006F09D3 /* XCRemoteSwiftPackageReference "SnapKit" */ = {
			isa = XCRemoteSwiftPackageReference;
			repositoryURL = "https://github.com/SnapKit/SnapKit.git";
			requirement = {
				kind = upToNextMajorVersion;
				minimumVersion = 5.7.1;
			};
		};
		0703B6012BC6A51A006F09D3 /* XCRemoteSwiftPackageReference "RxSwift" */ = {
			isa = XCRemoteSwiftPackageReference;
			repositoryURL = "https://github.com/ReactiveX/RxSwift";
			requirement = {
				kind = upToNextMajorVersion;
				minimumVersion = 6.6.0;
			};
		};
		0703B6062BC6A69D006F09D3 /* XCRemoteSwiftPackageReference "Then" */ = {
			isa = XCRemoteSwiftPackageReference;
			repositoryURL = "https://github.com/devxoul/Then.git";
			requirement = {
				kind = upToNextMajorVersion;
				minimumVersion = 3.0.0;
			};
		};
		0703B60D2BC6B36C006F09D3 /* XCRemoteSwiftPackageReference "RxGesture" */ = {
			isa = XCRemoteSwiftPackageReference;
			repositoryURL = "https://github.com/RxSwiftCommunity/RxGesture.git";
			requirement = {
				kind = upToNextMajorVersion;
				minimumVersion = 4.0.4;
			};
		};
/* End XCRemoteSwiftPackageReference section */

/* Begin XCSwiftPackageProductDependency section */
		0703B5FF2BC6A502006F09D3 /* SnapKit */ = {
			isa = XCSwiftPackageProductDependency;
			package = 0703B5FE2BC6A502006F09D3 /* XCRemoteSwiftPackageReference "SnapKit" */;
			productName = SnapKit;
		};
		0703B6022BC6A51A006F09D3 /* RxCocoa */ = {
			isa = XCSwiftPackageProductDependency;
			package = 0703B6012BC6A51A006F09D3 /* XCRemoteSwiftPackageReference "RxSwift" */;
			productName = RxCocoa;
		};
		0703B6042BC6A51A006F09D3 /* RxSwift */ = {
			isa = XCSwiftPackageProductDependency;
			package = 0703B6012BC6A51A006F09D3 /* XCRemoteSwiftPackageReference "RxSwift" */;
			productName = RxSwift;
		};
		0703B6072BC6A69D006F09D3 /* Then */ = {
			isa = XCSwiftPackageProductDependency;
			package = 0703B6062BC6A69D006F09D3 /* XCRemoteSwiftPackageReference "Then" */;
			productName = Then;
		};
		0703B60E2BC6B36C006F09D3 /* RxGesture */ = {
			isa = XCSwiftPackageProductDependency;
			package = 0703B60D2BC6B36C006F09D3 /* XCRemoteSwiftPackageReference "RxGesture" */;
			productName = RxGesture;
		};
/* End XCSwiftPackageProductDependency section */
	};
	rootObject = 0703B5C32BC6A4D1006F09D3 /* Project object */;
}
